
Microsoft Visual Studio Solution File, Format Version 12.00
# Visual Studio 2012
Project("{FAE04EC0-301F-11D3-BF4B-00C04F79EFBC}") = "ConsoleApplication1", "ConsoleApplication1\ConsoleApplication1.csproj", "{A7F419EF-F0B1-49DD-AC6F-5A9C7DE58F25}"
EndProject
Project("{FAE04EC0-301F-11D3-BF4B-00C04F79EFBC}") = "Zad1", "Zad1\Zad1.csproj", "{AFEDEA62-B58C-429F-8A30-4E8496FF825D}"
EndProject
Project("{FAE04EC0-301F-11D3-BF4B-00C04F79EFBC}") = "Zad2", "Zad2\Zad2.csproj", "{3F86988C-2A3F-443D-B049-8FA59C62812B}"
EndProject
Project("{FAE04EC0-301F-11D3-BF4B-00C04F79EFBC}") = "Zadanie3", "Zadanie3\Zadanie3.csproj", "{9A2B9FF5-C68F-4E1A-9A97-FD130687C6D8}"
EndProject
Project("{FAE04EC0-301F-11D3-BF4B-00C04F79EFBC}") = "Zad5", "Zad5\Zad5.csproj", "{486E3B33-0E2E-4932-A146-EE1070B77145}"
EndProject
Project("{FAE04EC0-301F-11D3-BF4B-00C04F79EFBC}") = "Zad7", "Zad7\Zad7.csproj", "{3B79CE97-67D8-4C82-89C6-38EC02ED5860}"
EndProject
Global
	GlobalSection(SolutionConfigurationPlatforms) = preSolution
		Debug|Any CPU = Debug|Any CPU
		Release|Any CPU = Release|Any CPU
	EndGlobalSection
	GlobalSection(ProjectConfigurationPlatforms) = postSolution
		{A7F419EF-F0B1-49DD-AC6F-5A9C7DE58F25}.Debug|Any CPU.ActiveCfg = Debug|Any CPU
		{A7F419EF-F0B1-49DD-AC6F-5A9C7DE58F25}.Debug|Any CPU.Build.0 = Debug|Any CPU
		{A7F419EF-F0B1-49DD-AC6F-5A9C7DE58F25}.Release|Any CPU.ActiveCfg = Release|Any CPU
		{A7F419EF-F0B1-49DD-AC6F-5A9C7DE58F25}.Release|Any CPU.Build.0 = Release|Any CPU
		{AFEDEA62-B58C-429F-8A30-4E8496FF825D}.Debug|Any CPU.ActiveCfg = Debug|Any CPU
		{AFEDEA62-B58C-429F-8A30-4E8496FF825D}.Debug|Any CPU.Build.0 = Debug|Any CPU
		{AFEDEA62-B58C-429F-8A30-4E8496FF825D}.Release|Any CPU.ActiveCfg = Release|Any CPU
		{AFEDEA62-B58C-429F-8A30-4E8496FF825D}.Release|Any CPU.Build.0 = Release|Any CPU
		{3F86988C-2A3F-443D-B049-8FA59C62812B}.Debug|Any CPU.ActiveCfg = Debug|Any CPU
		{3F86988C-2A3F-443D-B049-8FA59C62812B}.Debug|Any CPU.Build.0 = Debug|Any CPU
		{3F86988C-2A3F-443D-B049-8FA59C62812B}.Release|Any CPU.ActiveCfg = Release|Any CPU
		{3F86988C-2A3F-443D-B049-8FA59C62812B}.Release|Any CPU.Build.0 = Release|Any CPU
		{9A2B9FF5-C68F-4E1A-9A97-FD130687C6D8}.Debug|Any CPU.ActiveCfg = Debug|Any CPU
		{9A2B9FF5-C68F-4E1A-9A97-FD130687C6D8}.Debug|Any CPU.Build.0 = Debug|Any CPU
		{9A2B9FF5-C68F-4E1A-9A97-FD130687C6D8}.Release|Any CPU.ActiveCfg = Release|Any CPU
		{9A2B9FF5-C68F-4E1A-9A97-FD130687C6D8}.Release|Any CPU.Build.0 = Release|Any CPU
		{486E3B33-0E2E-4932-A146-EE1070B77145}.Debug|Any CPU.ActiveCfg = Debug|Any CPU
		{486E3B33-0E2E-4932-A146-EE1070B77145}.Debug|Any CPU.Build.0 = Debug|Any CPU
		{486E3B33-0E2E-4932-A146-EE1070B77145}.Release|Any CPU.ActiveCfg = Release|Any CPU
		{486E3B33-0E2E-4932-A146-EE1070B77145}.Release|Any CPU.Build.0 = Release|Any CPU
		{3B79CE97-67D8-4C82-89C6-38EC02ED5860}.Debug|Any CPU.ActiveCfg = Debug|Any CPU
		{3B79CE97-67D8-4C82-89C6-38EC02ED5860}.Debug|Any CPU.Build.0 = Debug|Any CPU
		{3B79CE97-67D8-4C82-89C6-38EC02ED5860}.Release|Any CPU.ActiveCfg = Release|Any CPU
		{3B79CE97-67D8-4C82-89C6-38EC02ED5860}.Release|Any CPU.Build.0 = Release|Any CPU
	EndGlobalSection
	GlobalSection(SolutionProperties) = preSolution
		HideSolutionNode = FALSE
	EndGlobalSection
EndGlobal
