
Microsoft Visual Studio Solution File, Format Version 12.00
# Visual Studio 2012
Project("{FAE04EC0-301F-11D3-BF4B-00C04F79EFBC}") = "Wejsciowka", "Wejsciowka\Wejsciowka.csproj", "{F3E037AC-E3D1-4CF0-BC3B-A0CFA189AE70}"
EndProject
Project("{FAE04EC0-301F-11D3-BF4B-00C04F79EFBC}") = "Zadanie1", "Zadanie1\Zadanie1.csproj", "{A22D0942-AEBB-44B2-ACF9-5228F0EECE41}"
EndProject
Project("{FAE04EC0-301F-11D3-BF4B-00C04F79EFBC}") = "Zadanie4", "Zadanie4\Zadanie4.csproj", "{EADF6EFC-6953-446E-A6A9-3E157A03659C}"
EndProject
Global
	GlobalSection(SolutionConfigurationPlatforms) = preSolution
		Debug|Any CPU = Debug|Any CPU
		Release|Any CPU = Release|Any CPU
	EndGlobalSection
	GlobalSection(ProjectConfigurationPlatforms) = postSolution
		{F3E037AC-E3D1-4CF0-BC3B-A0CFA189AE70}.Debug|Any CPU.ActiveCfg = Debug|Any CPU
		{F3E037AC-E3D1-4CF0-BC3B-A0CFA189AE70}.Debug|Any CPU.Build.0 = Debug|Any CPU
		{F3E037AC-E3D1-4CF0-BC3B-A0CFA189AE70}.Release|Any CPU.ActiveCfg = Release|Any CPU
		{F3E037AC-E3D1-4CF0-BC3B-A0CFA189AE70}.Release|Any CPU.Build.0 = Release|Any CPU
		{A22D0942-AEBB-44B2-ACF9-5228F0EECE41}.Debug|Any CPU.ActiveCfg = Debug|Any CPU
		{A22D0942-AEBB-44B2-ACF9-5228F0EECE41}.Debug|Any CPU.Build.0 = Debug|Any CPU
		{A22D0942-AEBB-44B2-ACF9-5228F0EECE41}.Release|Any CPU.ActiveCfg = Release|Any CPU
		{A22D0942-AEBB-44B2-ACF9-5228F0EECE41}.Release|Any CPU.Build.0 = Release|Any CPU
		{EADF6EFC-6953-446E-A6A9-3E157A03659C}.Debug|Any CPU.ActiveCfg = Debug|Any CPU
		{EADF6EFC-6953-446E-A6A9-3E157A03659C}.Debug|Any CPU.Build.0 = Debug|Any CPU
		{EADF6EFC-6953-446E-A6A9-3E157A03659C}.Release|Any CPU.ActiveCfg = Release|Any CPU
		{EADF6EFC-6953-446E-A6A9-3E157A03659C}.Release|Any CPU.Build.0 = Release|Any CPU
	EndGlobalSection
	GlobalSection(SolutionProperties) = preSolution
		HideSolutionNode = FALSE
	EndGlobalSection
EndGlobal
